
Microsoft Visual Studio Solution File, Format Version 12.00
# Visual Studio Version 17
VisualStudioVersion = 17.13.35825.156
MinimumVisualStudioVersion = 10.0.40219.1
Project("{2150E333-8FDC-42A3-9474-1A3956D46DE8}") = "Chapter01", "Chapter01", "{DDB4EF12-CC4E-5E88-E6FC-71A802F4DE97}"
EndProject
Project("{FAE04EC0-301F-11D3-BF4B-00C04F79EFBC}") = "ProductSample", "Chapter01\ConsoleApp1\ProductSample.csproj", "{77DA18AF-2E40-403B-B184-56B3F1E83687}"
EndProject
Project("{2150E333-8FDC-42A3-9474-1A3956D46DE8}") = "Chapter02", "Chapter02", "{89A7C863-4899-41AE-89C2-C4BB356F9C0F}"
EndProject
Project("{FAE04EC0-301F-11D3-BF4B-00C04F79EFBC}") = "DistanceConverter", "Chapter02\DistanceConverter\DistanceConverter.csproj", "{7E2EC7AC-CFA4-46AB-8DAB-33C245E0B5AD}"
EndProject
Project("{2150E333-8FDC-42A3-9474-1A3956D46DE8}") = "演習問題", "演習問題", "{2B39CC34-B382-4362-9DC2-767D4F8885CA}"
EndProject
Project("{FAE04EC0-301F-11D3-BF4B-00C04F79EFBC}") = "Exercise02", "Chapter02\演習問題\Exercise02\Exercise02.csproj", "{4DA8C25B-9799-4697-9FBD-DF9CB02108AD}"
EndProject
Project("{2150E333-8FDC-42A3-9474-1A3956D46DE8}") = "距離換算プログラム", "距離換算プログラム", "{1D0BB5F1-1052-48D4-BBC8-09D875F4497B}"
EndProject
Project("{2150E333-8FDC-42A3-9474-1A3956D46DE8}") = "FormApps", "FormApps", "{53494A88-2096-424D-BE88-00A424296D96}"
EndProject
Project("{FAE04EC0-301F-11D3-BF4B-00C04F79EFBC}") = "UnitConverter", "FormApps\UnitConverter\UnitConverter.csproj", "{7A4CF8B6-3E12-4EC8-890A-7D54B43C38AD}"
EndProject
Project("{FAE04EC0-301F-11D3-BF4B-00C04F79EFBC}") = "StopWatch", "FormApps\StopWatch\StopWatch.csproj", "{D66FFC71-8CFC-4A53-815A-FF3E7045C1C3}"
EndProject
Project("{2150E333-8FDC-42A3-9474-1A3956D46DE8}") = "売り上げ集計プログラム", "売り上げ集計プログラム", "{05909EB8-AFD9-48B6-B576-49966C581ECD}"
EndProject
Project("{FAE04EC0-301F-11D3-BF4B-00C04F79EFBC}") = "SalesCalculator", "Chapter02\SalesCalculator\SalesCalculator.csproj", "{EF85C750-92E6-4A85-BA9A-2E28886406F3}"
EndProject
Project("{FAE04EC0-301F-11D3-BF4B-00C04F79EFBC}") = "Exercise01", "Chapter02\演習問題\Exercise01\Exercise01.csproj", "{697FEC80-DE5F-F167-2E9C-702E7D330C53}"
EndProject
Project("{2150E333-8FDC-42A3-9474-1A3956D46DE8}") = "Chapter03", "Chapter03", "{83CF58D2-7B77-4B68-AB30-9AE80281BFDF}"
EndProject
Project("{FAE04EC0-301F-11D3-BF4B-00C04F79EFBC}") = "Section01", "Chapter03\Section01\Section01.csproj", "{37868D6D-1513-46BA-AD92-762624338036}"
EndProject
Project("{2150E333-8FDC-42A3-9474-1A3956D46DE8}") = "演習問題", "演習問題", "{A65CD962-041A-4A18-AB3A-09FC49FDB40A}"
EndProject
Project("{FAE04EC0-301F-11D3-BF4B-00C04F79EFBC}") = "Exercise02", "Chapter03\演習問題\Exercise02\Exercise02.csproj", "{4607D413-0203-4267-894D-051BAE225568}"
EndProject
Project("{FAE04EC0-301F-11D3-BF4B-00C04F79EFBC}") = "Section04", "Chapter03\Section04\Section04.csproj", "{E0C01822-60C6-498C-97BE-CD17025510C9}"
EndProject
Project("{FAE04EC0-301F-11D3-BF4B-00C04F79EFBC}") = "Exercise01", "Chapter03\演習問題\Exercise01\Exercise01.csproj", "{CDA1CD93-C13F-4779-A921-42A5940A8D05}"
EndProject
Project("{2150E333-8FDC-42A3-9474-1A3956D46DE8}") = "Chapter04", "Chapter04", "{6F83180D-9156-4C21-86C7-8E85C75536B6}"
EndProject
Project("{FAE04EC0-301F-11D3-BF4B-00C04F79EFBC}") = "Section04", "Chapter04\Section04\Section04.csproj", "{3A34F3A4-6833-4D84-9CE6-40C9F374546E}"
EndProject
Project("{2150E333-8FDC-42A3-9474-1A3956D46DE8}") = "演習問題", "演習問題", "{BF438BDB-138F-4564-8FBB-C68988815B1E}"
EndProject
Project("{FAE04EC0-301F-11D3-BF4B-00C04F79EFBC}") = "Exercise01", "Chapter04\演習問題\Exercise01\Exercise01.csproj", "{F1542127-ACAD-49CA-8333-0748D83C1620}"
EndProject
Project("{FAE04EC0-301F-11D3-BF4B-00C04F79EFBC}") = "Exercise02", "Chapter04\演習問題\Exercise02\Exercise02.csproj", "{FE8D5DC6-DA7F-4288-B30C-C48940555121}"
EndProject
Project("{2150E333-8FDC-42A3-9474-1A3956D46DE8}") = "LINQ", "LINQ", "{0491220E-33DB-4EFE-B88F-4A48BA286A2D}"
EndProject
Project("{FAE04EC0-301F-11D3-BF4B-00C04F79EFBC}") = "LinqSample", "LINQ\LinqSample\LinqSample.csproj", "{F4D59B6C-7BE4-4F88-8F20-913F1757E0D0}"
EndProject
Project("{2150E333-8FDC-42A3-9474-1A3956D46DE8}") = "Chapter07", "Chapter07", "{8E2AAA15-E456-47AD-829D-2FBF78F28290}"
EndProject
Project("{2150E333-8FDC-42A3-9474-1A3956D46DE8}") = "演習問題", "演習問題", "{65923A91-9396-4C68-AC12-A3DD2860BA25}"
EndProject
Project("{FAE04EC0-301F-11D3-BF4B-00C04F79EFBC}") = "Exercise01", "Chapter07\演習問題\Exercise01\Exercise01.csproj", "{776684CF-F0A1-4C6F-9449-5BE31811EB1D}"
EndProject
Project("{FAE04EC0-301F-11D3-BF4B-00C04F79EFBC}") = "Section01", "Chapter07\Section01\Section01.csproj", "{3C477DF6-290E-4F2E-A42C-B52AF1F4AFCE}"
EndProject
Project("{FAE04EC0-301F-11D3-BF4B-00C04F79EFBC}") = "Section05", "Chapter07\Section05\Section05.csproj", "{5B7BCD6A-3374-4632-928B-C51A8A779B90}"
EndProject
Project("{FAE04EC0-301F-11D3-BF4B-00C04F79EFBC}") = "Exercise02", "Chapter07\演習問題\Exercise02\Exercise02.csproj", "{79B94656-3261-409F-9ABD-C9FA469351BF}"
EndProject
Project("{2150E333-8FDC-42A3-9474-1A3956D46DE8}") = "Chapter06", "Chapter06", "{20964EDE-D2EA-4259-A77D-1FE92E8237B3}"
EndProject
Project("{2150E333-8FDC-42A3-9474-1A3956D46DE8}") = "演習問題", "演習問題", "{B1E9F0EC-CB6A-450A-B50C-00D53B392D55}"
EndProject
Project("{FAE04EC0-301F-11D3-BF4B-00C04F79EFBC}") = "Exercise01", "Chapter06\演習問題\Exercise01\Exercise01.csproj", "{B5025803-550F-2718-0B4A-39867A675BF8}"
EndProject
Project("{FAE04EC0-301F-11D3-BF4B-00C04F79EFBC}") = "Section01", "Chapter06\Section01\Section01.csproj", "{7B34514D-F55C-A5FE-D1EF-2AB834B91306}"
EndProject
Project("{FAE04EC0-301F-11D3-BF4B-00C04F79EFBC}") = "Exercise02", "Chapter06\演習問題\Exercise02\Exercise02.csproj", "{9605B4B8-0A34-BDE4-CFD2-F49073E3B9EF}"
EndProject
Project("{FAE04EC0-301F-11D3-BF4B-00C04F79EFBC}") = "Exercise03", "Chapter06\演習問題\Exercise03\Exercise03.csproj", "{766DC129-B7E6-6BE5-67FF-02794A6C9D6A}"
EndProject
Project("{FAE04EC0-301F-11D3-BF4B-00C04F79EFBC}") = "Exercise04", "Chapter06\演習問題\Exercise04\Exercise04.csproj", "{8758FBDB-9295-0DA5-31B6-DA01667F06FB}"
EndProject
Project("{FAE04EC0-301F-11D3-BF4B-00C04F79EFBC}") = "Section03", "Chapter06\Section03\Section03.csproj", "{B4594151-932A-4AD1-82F3-1B8FB42010FA}"
EndProject
Project("{2150E333-8FDC-42A3-9474-1A3956D46DE8}") = "Chapter05", "Chapter05", "{DD4FC435-217B-4D73-8F3A-CAE42B8E1B09}"
EndProject
Project("{2150E333-8FDC-42A3-9474-1A3956D46DE8}") = "演習問題", "演習問題", "{71096A28-1ADC-4084-B31F-3CDE32F57436}"
EndProject
Project("{FAE04EC0-301F-11D3-BF4B-00C04F79EFBC}") = "Section01", "Chapter05\Section01\Section01.csproj", "{4E42127B-E6A1-4E78-9240-49EF42C7341F}"
EndProject
Project("{FAE04EC0-301F-11D3-BF4B-00C04F79EFBC}") = "Section02", "Chapter05\Section02\Section02.csproj", "{DB1F6015-B101-4726-BEF0-D0040D6D89EC}"
EndProject
Project("{FAE04EC0-301F-11D3-BF4B-00C04F79EFBC}") = "Exercise01", "Chapter05\演習問題\Exercise01\Exercise01.csproj", "{D09BAA33-2867-46A0-B7EC-5693CBC68983}"
EndProject
Project("{FAE04EC0-301F-11D3-BF4B-00C04F79EFBC}") = "Exercise02", "Chapter05\演習問題\Exercise02\Exercise02.csproj", "{8CFD2DCC-6907-4873-9602-B2E5851C28D6}"
EndProject
Project("{2150E333-8FDC-42A3-9474-1A3956D46DE8}") = "Chapter08", "Chapter08", "{025FD651-AEF2-412E-9545-B19522670B5F}"
EndProject
Project("{2150E333-8FDC-42A3-9474-1A3956D46DE8}") = "演習問題", "演習問題", "{59D641BE-81A3-4371-9116-EA2DEE5C2D38}"
EndProject
Project("{FAE04EC0-301F-11D3-BF4B-00C04F79EFBC}") = "Exercise01", "Chapter08\演習問題\Exercise01\Exercise01.csproj", "{17A56644-72D6-433B-9C42-789DEEF55AD8}"
EndProject
Project("{FAE04EC0-301F-11D3-BF4B-00C04F79EFBC}") = "PrefCapitalLocationSystem", "Chapter08\PrefCapitalLocationSystem\PrefCapitalLocationSystem.csproj", "{BA3B5C5E-D6A4-39ED-6760-036CDB62E249}"
EndProject
Project("{FAE04EC0-301F-11D3-BF4B-00C04F79EFBC}") = "Section03", "Chapter08\Section03\Section03.csproj", "{7C06D570-5236-67C0-200D-EFEA42F6ED6E}"
EndProject
Project("{FAE04EC0-301F-11D3-BF4B-00C04F79EFBC}") = "Exercise02", "Chapter08\演習問題\Exercise02\Exercise02.csproj", "{34FFDB25-0D10-4B4C-A972-DE57539B6858}"
EndProject
Project("{2150E333-8FDC-42A3-9474-1A3956D46DE8}") = "Test01", "Test01", "{8D453F94-503A-49F6-896A-55064C300039}"
EndProject
Project("{FAE04EC0-301F-11D3-BF4B-00C04F79EFBC}") = "Test01", "Test01\Test01\Test01.csproj", "{6EF7678A-A725-F430-3097-30F090C0100A}"
EndProject
Project("{FAE04EC0-301F-11D3-BF4B-00C04F79EFBC}") = "Test02", "Test01\Test02\Test02.csproj", "{010D0C11-D6A2-3CA6-3281-4E0FD547EC2D}"
EndProject
Project("{2150E333-8FDC-42A3-9474-1A3956D46DE8}") = "Chapter09", "Chapter09", "{05DD3A0F-B6E6-4DE8-91E1-DC1C157B660C}"
EndProject
Project("{FAE04EC0-301F-11D3-BF4B-00C04F79EFBC}") = "Section01", "Chapter09\Section01\Section01.csproj", "{48DAB00E-F3DA-4E44-9FE3-26BC14207AEF}"
EndProject
Project("{2150E333-8FDC-42A3-9474-1A3956D46DE8}") = "演習問題", "演習問題", "{FB6749D9-E428-421E-B24E-BDD97B94E445}"
EndProject
Project("{FAE04EC0-301F-11D3-BF4B-00C04F79EFBC}") = "Exercise01", "Chapter09\演習問題\Exercise01\Exercise01.csproj", "{9A4C67AE-4C2B-44C9-BDCB-82BA9CBE1A21}"
EndProject
Project("{FAE04EC0-301F-11D3-BF4B-00C04F79EFBC}") = "Exercise02", "Chapter09\演習問題\Exercise02\Exercise02.csproj", "{52442FBF-AB1E-12BC-8344-0695887AC3CB}"
EndProject
Project("{FAE04EC0-301F-11D3-BF4B-00C04F79EFBC}") = "Exercise03", "Chapter09\演習問題\Exercise03\Exercise03.csproj", "{13EA441B-E72F-5CA2-D5D4-B3F52139D7CF}"
EndProject
Project("{FAE04EC0-301F-11D3-BF4B-00C04F79EFBC}") = "CarRepoetSystem", "FormApps\CarRepoetSystem\CarRepoetSystem.csproj", "{6385B9F4-9320-499E-A613-5D9A48B4F890}"
EndProject
Global
	GlobalSection(SolutionConfigurationPlatforms) = preSolution
		Debug|Any CPU = Debug|Any CPU
		Release|Any CPU = Release|Any CPU
	EndGlobalSection
	GlobalSection(ProjectConfigurationPlatforms) = postSolution
		{77DA18AF-2E40-403B-B184-56B3F1E83687}.Debug|Any CPU.ActiveCfg = Debug|Any CPU
		{77DA18AF-2E40-403B-B184-56B3F1E83687}.Debug|Any CPU.Build.0 = Debug|Any CPU
		{77DA18AF-2E40-403B-B184-56B3F1E83687}.Release|Any CPU.ActiveCfg = Release|Any CPU
		{77DA18AF-2E40-403B-B184-56B3F1E83687}.Release|Any CPU.Build.0 = Release|Any CPU
		{7E2EC7AC-CFA4-46AB-8DAB-33C245E0B5AD}.Debug|Any CPU.ActiveCfg = Debug|Any CPU
		{7E2EC7AC-CFA4-46AB-8DAB-33C245E0B5AD}.Debug|Any CPU.Build.0 = Debug|Any CPU
		{7E2EC7AC-CFA4-46AB-8DAB-33C245E0B5AD}.Release|Any CPU.ActiveCfg = Release|Any CPU
		{7E2EC7AC-CFA4-46AB-8DAB-33C245E0B5AD}.Release|Any CPU.Build.0 = Release|Any CPU
		{4DA8C25B-9799-4697-9FBD-DF9CB02108AD}.Debug|Any CPU.ActiveCfg = Debug|Any CPU
		{4DA8C25B-9799-4697-9FBD-DF9CB02108AD}.Debug|Any CPU.Build.0 = Debug|Any CPU
		{4DA8C25B-9799-4697-9FBD-DF9CB02108AD}.Release|Any CPU.ActiveCfg = Release|Any CPU
		{4DA8C25B-9799-4697-9FBD-DF9CB02108AD}.Release|Any CPU.Build.0 = Release|Any CPU
		{7A4CF8B6-3E12-4EC8-890A-7D54B43C38AD}.Debug|Any CPU.ActiveCfg = Debug|Any CPU
		{7A4CF8B6-3E12-4EC8-890A-7D54B43C38AD}.Debug|Any CPU.Build.0 = Debug|Any CPU
		{7A4CF8B6-3E12-4EC8-890A-7D54B43C38AD}.Release|Any CPU.ActiveCfg = Release|Any CPU
		{7A4CF8B6-3E12-4EC8-890A-7D54B43C38AD}.Release|Any CPU.Build.0 = Release|Any CPU
		{D66FFC71-8CFC-4A53-815A-FF3E7045C1C3}.Debug|Any CPU.ActiveCfg = Debug|Any CPU
		{D66FFC71-8CFC-4A53-815A-FF3E7045C1C3}.Debug|Any CPU.Build.0 = Debug|Any CPU
		{D66FFC71-8CFC-4A53-815A-FF3E7045C1C3}.Release|Any CPU.ActiveCfg = Release|Any CPU
		{D66FFC71-8CFC-4A53-815A-FF3E7045C1C3}.Release|Any CPU.Build.0 = Release|Any CPU
		{EF85C750-92E6-4A85-BA9A-2E28886406F3}.Debug|Any CPU.ActiveCfg = Debug|Any CPU
		{EF85C750-92E6-4A85-BA9A-2E28886406F3}.Debug|Any CPU.Build.0 = Debug|Any CPU
		{EF85C750-92E6-4A85-BA9A-2E28886406F3}.Release|Any CPU.ActiveCfg = Release|Any CPU
		{EF85C750-92E6-4A85-BA9A-2E28886406F3}.Release|Any CPU.Build.0 = Release|Any CPU
		{697FEC80-DE5F-F167-2E9C-702E7D330C53}.Debug|Any CPU.ActiveCfg = Debug|Any CPU
		{697FEC80-DE5F-F167-2E9C-702E7D330C53}.Debug|Any CPU.Build.0 = Debug|Any CPU
		{697FEC80-DE5F-F167-2E9C-702E7D330C53}.Release|Any CPU.ActiveCfg = Release|Any CPU
		{697FEC80-DE5F-F167-2E9C-702E7D330C53}.Release|Any CPU.Build.0 = Release|Any CPU
		{37868D6D-1513-46BA-AD92-762624338036}.Debug|Any CPU.ActiveCfg = Debug|Any CPU
		{37868D6D-1513-46BA-AD92-762624338036}.Debug|Any CPU.Build.0 = Debug|Any CPU
		{37868D6D-1513-46BA-AD92-762624338036}.Release|Any CPU.ActiveCfg = Release|Any CPU
		{37868D6D-1513-46BA-AD92-762624338036}.Release|Any CPU.Build.0 = Release|Any CPU
		{4607D413-0203-4267-894D-051BAE225568}.Debug|Any CPU.ActiveCfg = Debug|Any CPU
		{4607D413-0203-4267-894D-051BAE225568}.Debug|Any CPU.Build.0 = Debug|Any CPU
		{4607D413-0203-4267-894D-051BAE225568}.Release|Any CPU.ActiveCfg = Release|Any CPU
		{4607D413-0203-4267-894D-051BAE225568}.Release|Any CPU.Build.0 = Release|Any CPU
		{E0C01822-60C6-498C-97BE-CD17025510C9}.Debug|Any CPU.ActiveCfg = Debug|Any CPU
		{E0C01822-60C6-498C-97BE-CD17025510C9}.Debug|Any CPU.Build.0 = Debug|Any CPU
		{E0C01822-60C6-498C-97BE-CD17025510C9}.Release|Any CPU.ActiveCfg = Release|Any CPU
		{E0C01822-60C6-498C-97BE-CD17025510C9}.Release|Any CPU.Build.0 = Release|Any CPU
		{CDA1CD93-C13F-4779-A921-42A5940A8D05}.Debug|Any CPU.ActiveCfg = Debug|Any CPU
		{CDA1CD93-C13F-4779-A921-42A5940A8D05}.Debug|Any CPU.Build.0 = Debug|Any CPU
		{CDA1CD93-C13F-4779-A921-42A5940A8D05}.Release|Any CPU.ActiveCfg = Release|Any CPU
		{CDA1CD93-C13F-4779-A921-42A5940A8D05}.Release|Any CPU.Build.0 = Release|Any CPU
		{3A34F3A4-6833-4D84-9CE6-40C9F374546E}.Debug|Any CPU.ActiveCfg = Debug|Any CPU
		{3A34F3A4-6833-4D84-9CE6-40C9F374546E}.Debug|Any CPU.Build.0 = Debug|Any CPU
		{3A34F3A4-6833-4D84-9CE6-40C9F374546E}.Release|Any CPU.ActiveCfg = Release|Any CPU
		{3A34F3A4-6833-4D84-9CE6-40C9F374546E}.Release|Any CPU.Build.0 = Release|Any CPU
		{F1542127-ACAD-49CA-8333-0748D83C1620}.Debug|Any CPU.ActiveCfg = Debug|Any CPU
		{F1542127-ACAD-49CA-8333-0748D83C1620}.Debug|Any CPU.Build.0 = Debug|Any CPU
		{F1542127-ACAD-49CA-8333-0748D83C1620}.Release|Any CPU.ActiveCfg = Release|Any CPU
		{F1542127-ACAD-49CA-8333-0748D83C1620}.Release|Any CPU.Build.0 = Release|Any CPU
		{FE8D5DC6-DA7F-4288-B30C-C48940555121}.Debug|Any CPU.ActiveCfg = Debug|Any CPU
		{FE8D5DC6-DA7F-4288-B30C-C48940555121}.Debug|Any CPU.Build.0 = Debug|Any CPU
		{FE8D5DC6-DA7F-4288-B30C-C48940555121}.Release|Any CPU.ActiveCfg = Release|Any CPU
		{FE8D5DC6-DA7F-4288-B30C-C48940555121}.Release|Any CPU.Build.0 = Release|Any CPU
		{F4D59B6C-7BE4-4F88-8F20-913F1757E0D0}.Debug|Any CPU.ActiveCfg = Debug|Any CPU
		{F4D59B6C-7BE4-4F88-8F20-913F1757E0D0}.Debug|Any CPU.Build.0 = Debug|Any CPU
		{F4D59B6C-7BE4-4F88-8F20-913F1757E0D0}.Release|Any CPU.ActiveCfg = Release|Any CPU
		{F4D59B6C-7BE4-4F88-8F20-913F1757E0D0}.Release|Any CPU.Build.0 = Release|Any CPU
		{776684CF-F0A1-4C6F-9449-5BE31811EB1D}.Debug|Any CPU.ActiveCfg = Debug|Any CPU
		{776684CF-F0A1-4C6F-9449-5BE31811EB1D}.Debug|Any CPU.Build.0 = Debug|Any CPU
		{776684CF-F0A1-4C6F-9449-5BE31811EB1D}.Release|Any CPU.ActiveCfg = Release|Any CPU
		{776684CF-F0A1-4C6F-9449-5BE31811EB1D}.Release|Any CPU.Build.0 = Release|Any CPU
		{3C477DF6-290E-4F2E-A42C-B52AF1F4AFCE}.Debug|Any CPU.ActiveCfg = Debug|Any CPU
		{3C477DF6-290E-4F2E-A42C-B52AF1F4AFCE}.Debug|Any CPU.Build.0 = Debug|Any CPU
		{3C477DF6-290E-4F2E-A42C-B52AF1F4AFCE}.Release|Any CPU.ActiveCfg = Release|Any CPU
		{3C477DF6-290E-4F2E-A42C-B52AF1F4AFCE}.Release|Any CPU.Build.0 = Release|Any CPU
		{5B7BCD6A-3374-4632-928B-C51A8A779B90}.Debug|Any CPU.ActiveCfg = Debug|Any CPU
		{5B7BCD6A-3374-4632-928B-C51A8A779B90}.Debug|Any CPU.Build.0 = Debug|Any CPU
		{5B7BCD6A-3374-4632-928B-C51A8A779B90}.Release|Any CPU.ActiveCfg = Release|Any CPU
		{5B7BCD6A-3374-4632-928B-C51A8A779B90}.Release|Any CPU.Build.0 = Release|Any CPU
		{79B94656-3261-409F-9ABD-C9FA469351BF}.Debug|Any CPU.ActiveCfg = Debug|Any CPU
		{79B94656-3261-409F-9ABD-C9FA469351BF}.Debug|Any CPU.Build.0 = Debug|Any CPU
		{79B94656-3261-409F-9ABD-C9FA469351BF}.Release|Any CPU.ActiveCfg = Release|Any CPU
		{79B94656-3261-409F-9ABD-C9FA469351BF}.Release|Any CPU.Build.0 = Release|Any CPU
		{B5025803-550F-2718-0B4A-39867A675BF8}.Debug|Any CPU.ActiveCfg = Debug|Any CPU
		{B5025803-550F-2718-0B4A-39867A675BF8}.Debug|Any CPU.Build.0 = Debug|Any CPU
		{B5025803-550F-2718-0B4A-39867A675BF8}.Release|Any CPU.ActiveCfg = Release|Any CPU
		{B5025803-550F-2718-0B4A-39867A675BF8}.Release|Any CPU.Build.0 = Release|Any CPU
		{7B34514D-F55C-A5FE-D1EF-2AB834B91306}.Debug|Any CPU.ActiveCfg = Debug|Any CPU
		{7B34514D-F55C-A5FE-D1EF-2AB834B91306}.Debug|Any CPU.Build.0 = Debug|Any CPU
		{7B34514D-F55C-A5FE-D1EF-2AB834B91306}.Release|Any CPU.ActiveCfg = Release|Any CPU
		{7B34514D-F55C-A5FE-D1EF-2AB834B91306}.Release|Any CPU.Build.0 = Release|Any CPU
		{9605B4B8-0A34-BDE4-CFD2-F49073E3B9EF}.Debug|Any CPU.ActiveCfg = Debug|Any CPU
		{9605B4B8-0A34-BDE4-CFD2-F49073E3B9EF}.Debug|Any CPU.Build.0 = Debug|Any CPU
		{9605B4B8-0A34-BDE4-CFD2-F49073E3B9EF}.Release|Any CPU.ActiveCfg = Release|Any CPU
		{9605B4B8-0A34-BDE4-CFD2-F49073E3B9EF}.Release|Any CPU.Build.0 = Release|Any CPU
		{766DC129-B7E6-6BE5-67FF-02794A6C9D6A}.Debug|Any CPU.ActiveCfg = Debug|Any CPU
		{766DC129-B7E6-6BE5-67FF-02794A6C9D6A}.Debug|Any CPU.Build.0 = Debug|Any CPU
		{766DC129-B7E6-6BE5-67FF-02794A6C9D6A}.Release|Any CPU.ActiveCfg = Release|Any CPU
		{766DC129-B7E6-6BE5-67FF-02794A6C9D6A}.Release|Any CPU.Build.0 = Release|Any CPU
		{8758FBDB-9295-0DA5-31B6-DA01667F06FB}.Debug|Any CPU.ActiveCfg = Debug|Any CPU
		{8758FBDB-9295-0DA5-31B6-DA01667F06FB}.Debug|Any CPU.Build.0 = Debug|Any CPU
		{8758FBDB-9295-0DA5-31B6-DA01667F06FB}.Release|Any CPU.ActiveCfg = Release|Any CPU
		{8758FBDB-9295-0DA5-31B6-DA01667F06FB}.Release|Any CPU.Build.0 = Release|Any CPU
		{B4594151-932A-4AD1-82F3-1B8FB42010FA}.Debug|Any CPU.ActiveCfg = Debug|Any CPU
		{B4594151-932A-4AD1-82F3-1B8FB42010FA}.Debug|Any CPU.Build.0 = Debug|Any CPU
		{B4594151-932A-4AD1-82F3-1B8FB42010FA}.Release|Any CPU.ActiveCfg = Release|Any CPU
		{B4594151-932A-4AD1-82F3-1B8FB42010FA}.Release|Any CPU.Build.0 = Release|Any CPU
		{4E42127B-E6A1-4E78-9240-49EF42C7341F}.Debug|Any CPU.ActiveCfg = Debug|Any CPU
		{4E42127B-E6A1-4E78-9240-49EF42C7341F}.Debug|Any CPU.Build.0 = Debug|Any CPU
		{4E42127B-E6A1-4E78-9240-49EF42C7341F}.Release|Any CPU.ActiveCfg = Release|Any CPU
		{4E42127B-E6A1-4E78-9240-49EF42C7341F}.Release|Any CPU.Build.0 = Release|Any CPU
		{DB1F6015-B101-4726-BEF0-D0040D6D89EC}.Debug|Any CPU.ActiveCfg = Debug|Any CPU
		{DB1F6015-B101-4726-BEF0-D0040D6D89EC}.Debug|Any CPU.Build.0 = Debug|Any CPU
		{DB1F6015-B101-4726-BEF0-D0040D6D89EC}.Release|Any CPU.ActiveCfg = Release|Any CPU
		{DB1F6015-B101-4726-BEF0-D0040D6D89EC}.Release|Any CPU.Build.0 = Release|Any CPU
		{D09BAA33-2867-46A0-B7EC-5693CBC68983}.Debug|Any CPU.ActiveCfg = Debug|Any CPU
		{D09BAA33-2867-46A0-B7EC-5693CBC68983}.Debug|Any CPU.Build.0 = Debug|Any CPU
		{D09BAA33-2867-46A0-B7EC-5693CBC68983}.Release|Any CPU.ActiveCfg = Release|Any CPU
		{D09BAA33-2867-46A0-B7EC-5693CBC68983}.Release|Any CPU.Build.0 = Release|Any CPU
		{8CFD2DCC-6907-4873-9602-B2E5851C28D6}.Debug|Any CPU.ActiveCfg = Debug|Any CPU
		{8CFD2DCC-6907-4873-9602-B2E5851C28D6}.Debug|Any CPU.Build.0 = Debug|Any CPU
		{8CFD2DCC-6907-4873-9602-B2E5851C28D6}.Release|Any CPU.ActiveCfg = Release|Any CPU
		{8CFD2DCC-6907-4873-9602-B2E5851C28D6}.Release|Any CPU.Build.0 = Release|Any CPU
		{17A56644-72D6-433B-9C42-789DEEF55AD8}.Debug|Any CPU.ActiveCfg = Debug|Any CPU
		{17A56644-72D6-433B-9C42-789DEEF55AD8}.Debug|Any CPU.Build.0 = Debug|Any CPU
		{17A56644-72D6-433B-9C42-789DEEF55AD8}.Release|Any CPU.ActiveCfg = Release|Any CPU
		{17A56644-72D6-433B-9C42-789DEEF55AD8}.Release|Any CPU.Build.0 = Release|Any CPU
		{BA3B5C5E-D6A4-39ED-6760-036CDB62E249}.Debug|Any CPU.ActiveCfg = Debug|Any CPU
		{BA3B5C5E-D6A4-39ED-6760-036CDB62E249}.Debug|Any CPU.Build.0 = Debug|Any CPU
		{BA3B5C5E-D6A4-39ED-6760-036CDB62E249}.Release|Any CPU.ActiveCfg = Release|Any CPU
		{BA3B5C5E-D6A4-39ED-6760-036CDB62E249}.Release|Any CPU.Build.0 = Release|Any CPU
		{7C06D570-5236-67C0-200D-EFEA42F6ED6E}.Debug|Any CPU.ActiveCfg = Debug|Any CPU
		{7C06D570-5236-67C0-200D-EFEA42F6ED6E}.Debug|Any CPU.Build.0 = Debug|Any CPU
		{7C06D570-5236-67C0-200D-EFEA42F6ED6E}.Release|Any CPU.ActiveCfg = Release|Any CPU
		{7C06D570-5236-67C0-200D-EFEA42F6ED6E}.Release|Any CPU.Build.0 = Release|Any CPU
		{34FFDB25-0D10-4B4C-A972-DE57539B6858}.Debug|Any CPU.ActiveCfg = Debug|Any CPU
		{34FFDB25-0D10-4B4C-A972-DE57539B6858}.Debug|Any CPU.Build.0 = Debug|Any CPU
		{34FFDB25-0D10-4B4C-A972-DE57539B6858}.Release|Any CPU.ActiveCfg = Release|Any CPU
		{34FFDB25-0D10-4B4C-A972-DE57539B6858}.Release|Any CPU.Build.0 = Release|Any CPU
		{6EF7678A-A725-F430-3097-30F090C0100A}.Debug|Any CPU.ActiveCfg = Debug|Any CPU
		{6EF7678A-A725-F430-3097-30F090C0100A}.Debug|Any CPU.Build.0 = Debug|Any CPU
		{6EF7678A-A725-F430-3097-30F090C0100A}.Release|Any CPU.ActiveCfg = Release|Any CPU
		{6EF7678A-A725-F430-3097-30F090C0100A}.Release|Any CPU.Build.0 = Release|Any CPU
		{010D0C11-D6A2-3CA6-3281-4E0FD547EC2D}.Debug|Any CPU.ActiveCfg = Debug|Any CPU
		{010D0C11-D6A2-3CA6-3281-4E0FD547EC2D}.Debug|Any CPU.Build.0 = Debug|Any CPU
		{010D0C11-D6A2-3CA6-3281-4E0FD547EC2D}.Release|Any CPU.ActiveCfg = Release|Any CPU
		{010D0C11-D6A2-3CA6-3281-4E0FD547EC2D}.Release|Any CPU.Build.0 = Release|Any CPU
		{48DAB00E-F3DA-4E44-9FE3-26BC14207AEF}.Debug|Any CPU.ActiveCfg = Debug|Any CPU
		{48DAB00E-F3DA-4E44-9FE3-26BC14207AEF}.Debug|Any CPU.Build.0 = Debug|Any CPU
		{48DAB00E-F3DA-4E44-9FE3-26BC14207AEF}.Release|Any CPU.ActiveCfg = Release|Any CPU
		{48DAB00E-F3DA-4E44-9FE3-26BC14207AEF}.Release|Any CPU.Build.0 = Release|Any CPU
		{9A4C67AE-4C2B-44C9-BDCB-82BA9CBE1A21}.Debug|Any CPU.ActiveCfg = Debug|Any CPU
		{9A4C67AE-4C2B-44C9-BDCB-82BA9CBE1A21}.Debug|Any CPU.Build.0 = Debug|Any CPU
		{9A4C67AE-4C2B-44C9-BDCB-82BA9CBE1A21}.Release|Any CPU.ActiveCfg = Release|Any CPU
		{9A4C67AE-4C2B-44C9-BDCB-82BA9CBE1A21}.Release|Any CPU.Build.0 = Release|Any CPU
		{52442FBF-AB1E-12BC-8344-0695887AC3CB}.Debug|Any CPU.ActiveCfg = Debug|Any CPU
		{52442FBF-AB1E-12BC-8344-0695887AC3CB}.Debug|Any CPU.Build.0 = Debug|Any CPU
		{52442FBF-AB1E-12BC-8344-0695887AC3CB}.Release|Any CPU.ActiveCfg = Release|Any CPU
		{52442FBF-AB1E-12BC-8344-0695887AC3CB}.Release|Any CPU.Build.0 = Release|Any CPU
		{13EA441B-E72F-5CA2-D5D4-B3F52139D7CF}.Debug|Any CPU.ActiveCfg = Debug|Any CPU
		{13EA441B-E72F-5CA2-D5D4-B3F52139D7CF}.Debug|Any CPU.Build.0 = Debug|Any CPU
		{13EA441B-E72F-5CA2-D5D4-B3F52139D7CF}.Release|Any CPU.ActiveCfg = Release|Any CPU
		{13EA441B-E72F-5CA2-D5D4-B3F52139D7CF}.Release|Any CPU.Build.0 = Release|Any CPU
		{6385B9F4-9320-499E-A613-5D9A48B4F890}.Debug|Any CPU.ActiveCfg = Debug|Any CPU
		{6385B9F4-9320-499E-A613-5D9A48B4F890}.Debug|Any CPU.Build.0 = Debug|Any CPU
		{6385B9F4-9320-499E-A613-5D9A48B4F890}.Release|Any CPU.ActiveCfg = Release|Any CPU
		{6385B9F4-9320-499E-A613-5D9A48B4F890}.Release|Any CPU.Build.0 = Release|Any CPU
	EndGlobalSection
	GlobalSection(SolutionProperties) = preSolution
		HideSolutionNode = FALSE
	EndGlobalSection
	GlobalSection(NestedProjects) = preSolution
		{77DA18AF-2E40-403B-B184-56B3F1E83687} = {DDB4EF12-CC4E-5E88-E6FC-71A802F4DE97}
		{7E2EC7AC-CFA4-46AB-8DAB-33C245E0B5AD} = {1D0BB5F1-1052-48D4-BBC8-09D875F4497B}
		{2B39CC34-B382-4362-9DC2-767D4F8885CA} = {89A7C863-4899-41AE-89C2-C4BB356F9C0F}
		{4DA8C25B-9799-4697-9FBD-DF9CB02108AD} = {2B39CC34-B382-4362-9DC2-767D4F8885CA}
		{1D0BB5F1-1052-48D4-BBC8-09D875F4497B} = {89A7C863-4899-41AE-89C2-C4BB356F9C0F}
		{7A4CF8B6-3E12-4EC8-890A-7D54B43C38AD} = {53494A88-2096-424D-BE88-00A424296D96}
		{D66FFC71-8CFC-4A53-815A-FF3E7045C1C3} = {53494A88-2096-424D-BE88-00A424296D96}
		{05909EB8-AFD9-48B6-B576-49966C581ECD} = {89A7C863-4899-41AE-89C2-C4BB356F9C0F}
		{EF85C750-92E6-4A85-BA9A-2E28886406F3} = {05909EB8-AFD9-48B6-B576-49966C581ECD}
		{697FEC80-DE5F-F167-2E9C-702E7D330C53} = {2B39CC34-B382-4362-9DC2-767D4F8885CA}
		{37868D6D-1513-46BA-AD92-762624338036} = {83CF58D2-7B77-4B68-AB30-9AE80281BFDF}
		{A65CD962-041A-4A18-AB3A-09FC49FDB40A} = {83CF58D2-7B77-4B68-AB30-9AE80281BFDF}
		{4607D413-0203-4267-894D-051BAE225568} = {A65CD962-041A-4A18-AB3A-09FC49FDB40A}
		{E0C01822-60C6-498C-97BE-CD17025510C9} = {83CF58D2-7B77-4B68-AB30-9AE80281BFDF}
		{CDA1CD93-C13F-4779-A921-42A5940A8D05} = {A65CD962-041A-4A18-AB3A-09FC49FDB40A}
		{3A34F3A4-6833-4D84-9CE6-40C9F374546E} = {6F83180D-9156-4C21-86C7-8E85C75536B6}
		{BF438BDB-138F-4564-8FBB-C68988815B1E} = {6F83180D-9156-4C21-86C7-8E85C75536B6}
		{F1542127-ACAD-49CA-8333-0748D83C1620} = {BF438BDB-138F-4564-8FBB-C68988815B1E}
		{FE8D5DC6-DA7F-4288-B30C-C48940555121} = {BF438BDB-138F-4564-8FBB-C68988815B1E}
		{F4D59B6C-7BE4-4F88-8F20-913F1757E0D0} = {0491220E-33DB-4EFE-B88F-4A48BA286A2D}
		{65923A91-9396-4C68-AC12-A3DD2860BA25} = {8E2AAA15-E456-47AD-829D-2FBF78F28290}
		{776684CF-F0A1-4C6F-9449-5BE31811EB1D} = {65923A91-9396-4C68-AC12-A3DD2860BA25}
		{3C477DF6-290E-4F2E-A42C-B52AF1F4AFCE} = {8E2AAA15-E456-47AD-829D-2FBF78F28290}
		{5B7BCD6A-3374-4632-928B-C51A8A779B90} = {8E2AAA15-E456-47AD-829D-2FBF78F28290}
		{79B94656-3261-409F-9ABD-C9FA469351BF} = {65923A91-9396-4C68-AC12-A3DD2860BA25}
		{B1E9F0EC-CB6A-450A-B50C-00D53B392D55} = {20964EDE-D2EA-4259-A77D-1FE92E8237B3}
		{B5025803-550F-2718-0B4A-39867A675BF8} = {B1E9F0EC-CB6A-450A-B50C-00D53B392D55}
		{7B34514D-F55C-A5FE-D1EF-2AB834B91306} = {20964EDE-D2EA-4259-A77D-1FE92E8237B3}
		{9605B4B8-0A34-BDE4-CFD2-F49073E3B9EF} = {B1E9F0EC-CB6A-450A-B50C-00D53B392D55}
		{766DC129-B7E6-6BE5-67FF-02794A6C9D6A} = {B1E9F0EC-CB6A-450A-B50C-00D53B392D55}
		{8758FBDB-9295-0DA5-31B6-DA01667F06FB} = {B1E9F0EC-CB6A-450A-B50C-00D53B392D55}
		{B4594151-932A-4AD1-82F3-1B8FB42010FA} = {20964EDE-D2EA-4259-A77D-1FE92E8237B3}
		{71096A28-1ADC-4084-B31F-3CDE32F57436} = {DD4FC435-217B-4D73-8F3A-CAE42B8E1B09}
		{4E42127B-E6A1-4E78-9240-49EF42C7341F} = {DD4FC435-217B-4D73-8F3A-CAE42B8E1B09}
		{DB1F6015-B101-4726-BEF0-D0040D6D89EC} = {DD4FC435-217B-4D73-8F3A-CAE42B8E1B09}
		{D09BAA33-2867-46A0-B7EC-5693CBC68983} = {71096A28-1ADC-4084-B31F-3CDE32F57436}
		{8CFD2DCC-6907-4873-9602-B2E5851C28D6} = {71096A28-1ADC-4084-B31F-3CDE32F57436}
		{59D641BE-81A3-4371-9116-EA2DEE5C2D38} = {025FD651-AEF2-412E-9545-B19522670B5F}
		{17A56644-72D6-433B-9C42-789DEEF55AD8} = {59D641BE-81A3-4371-9116-EA2DEE5C2D38}
		{BA3B5C5E-D6A4-39ED-6760-036CDB62E249} = {025FD651-AEF2-412E-9545-B19522670B5F}
		{7C06D570-5236-67C0-200D-EFEA42F6ED6E} = {025FD651-AEF2-412E-9545-B19522670B5F}
		{34FFDB25-0D10-4B4C-A972-DE57539B6858} = {59D641BE-81A3-4371-9116-EA2DEE5C2D38}
		{6EF7678A-A725-F430-3097-30F090C0100A} = {8D453F94-503A-49F6-896A-55064C300039}
		{010D0C11-D6A2-3CA6-3281-4E0FD547EC2D} = {8D453F94-503A-49F6-896A-55064C300039}
		{48DAB00E-F3DA-4E44-9FE3-26BC14207AEF} = {05DD3A0F-B6E6-4DE8-91E1-DC1C157B660C}
		{FB6749D9-E428-421E-B24E-BDD97B94E445} = {05DD3A0F-B6E6-4DE8-91E1-DC1C157B660C}
		{9A4C67AE-4C2B-44C9-BDCB-82BA9CBE1A21} = {FB6749D9-E428-421E-B24E-BDD97B94E445}
		{52442FBF-AB1E-12BC-8344-0695887AC3CB} = {FB6749D9-E428-421E-B24E-BDD97B94E445}
		{13EA441B-E72F-5CA2-D5D4-B3F52139D7CF} = {FB6749D9-E428-421E-B24E-BDD97B94E445}
		{6385B9F4-9320-499E-A613-5D9A48B4F890} = {53494A88-2096-424D-BE88-00A424296D96}
	EndGlobalSection
	GlobalSection(ExtensibilityGlobals) = postSolution
		SolutionGuid = {684284B0-DC77-4819-A13E-E9D63E2F651C}
	EndGlobalSection
EndGlobal
