
Microsoft Visual Studio Solution File, Format Version 12.00
# Visual Studio Version 17
VisualStudioVersion = 17.13.35825.156
MinimumVisualStudioVersion = 10.0.40219.1
Project("{2150E333-8FDC-42A3-9474-1A3956D46DE8}") = "Chapter01", "Chapter01", "{DDB4EF12-CC4E-5E88-E6FC-71A802F4DE97}"
EndProject
Project("{FAE04EC0-301F-11D3-BF4B-00C04F79EFBC}") = "ProductSample", "Chapter01\ConsoleApp1\ProductSample.csproj", "{77DA18AF-2E40-403B-B184-56B3F1E83687}"
EndProject
Project("{2150E333-8FDC-42A3-9474-1A3956D46DE8}") = "Chapter02", "Chapter02", "{89A7C863-4899-41AE-89C2-C4BB356F9C0F}"
EndProject
Project("{FAE04EC0-301F-11D3-BF4B-00C04F79EFBC}") = "DistanceConverter", "Chapter02\DistanceConverter\DistanceConverter.csproj", "{7E2EC7AC-CFA4-46AB-8DAB-33C245E0B5AD}"
EndProject
Project("{2150E333-8FDC-42A3-9474-1A3956D46DE8}") = "演習問題", "演習問題", "{2B39CC34-B382-4362-9DC2-767D4F8885CA}"
EndProject
Project("{FAE04EC0-301F-11D3-BF4B-00C04F79EFBC}") = "Exercise02", "Chapter02\演習問題\Exercise02\Exercise02.csproj", "{4DA8C25B-9799-4697-9FBD-DF9CB02108AD}"
EndProject
Project("{2150E333-8FDC-42A3-9474-1A3956D46DE8}") = "距離換算プログラム", "距離換算プログラム", "{1D0BB5F1-1052-48D4-BBC8-09D875F4497B}"
EndProject
Project("{2150E333-8FDC-42A3-9474-1A3956D46DE8}") = "FormApps", "FormApps", "{53494A88-2096-424D-BE88-00A424296D96}"
EndProject
Project("{FAE04EC0-301F-11D3-BF4B-00C04F79EFBC}") = "UnitConverter", "FormApps\UnitConverter\UnitConverter.csproj", "{7A4CF8B6-3E12-4EC8-890A-7D54B43C38AD}"
EndProject
Project("{FAE04EC0-301F-11D3-BF4B-00C04F79EFBC}") = "StopWatch", "FormApps\StopWatch\StopWatch.csproj", "{D66FFC71-8CFC-4A53-815A-FF3E7045C1C3}"
EndProject
Project("{2150E333-8FDC-42A3-9474-1A3956D46DE8}") = "売り上げ集計プログラム", "売り上げ集計プログラム", "{05909EB8-AFD9-48B6-B576-49966C581ECD}"
EndProject
Project("{FAE04EC0-301F-11D3-BF4B-00C04F79EFBC}") = "SalesCalculator", "Chapter02\SalesCalculator\SalesCalculator.csproj", "{EF85C750-92E6-4A85-BA9A-2E28886406F3}"
EndProject
Project("{FAE04EC0-301F-11D3-BF4B-00C04F79EFBC}") = "Exercise01", "Chapter02\演習問題\Exercise01\Exercise01.csproj", "{697FEC80-DE5F-F167-2E9C-702E7D330C53}"
EndProject
Project("{2150E333-8FDC-42A3-9474-1A3956D46DE8}") = "Chapter03", "Chapter03", "{83CF58D2-7B77-4B68-AB30-9AE80281BFDF}"
EndProject
Project("{FAE04EC0-301F-11D3-BF4B-00C04F79EFBC}") = "Section01", "Chapter03\Section01\Section01.csproj", "{37868D6D-1513-46BA-AD92-762624338036}"
EndProject
Project("{2150E333-8FDC-42A3-9474-1A3956D46DE8}") = "演習問題", "演習問題", "{A65CD962-041A-4A18-AB3A-09FC49FDB40A}"
EndProject
Project("{FAE04EC0-301F-11D3-BF4B-00C04F79EFBC}") = "Exercise02", "Chapter03\演習問題\Exercise02\Exercise02.csproj", "{4607D413-0203-4267-894D-051BAE225568}"
EndProject
Project("{FAE04EC0-301F-11D3-BF4B-00C04F79EFBC}") = "Section04", "Chapter03\Section04\Section04.csproj", "{E0C01822-60C6-498C-97BE-CD17025510C9}"
EndProject
Project("{FAE04EC0-301F-11D3-BF4B-00C04F79EFBC}") = "Exercise01", "Chapter03\演習問題\Exercise01\Exercise01.csproj", "{CDA1CD93-C13F-4779-A921-42A5940A8D05}"
EndProject
Project("{2150E333-8FDC-42A3-9474-1A3956D46DE8}") = "Chapter04", "Chapter04", "{6F83180D-9156-4C21-86C7-8E85C75536B6}"
EndProject
Project("{FAE04EC0-301F-11D3-BF4B-00C04F79EFBC}") = "Section04", "Chapter04\Section04\Section04.csproj", "{3A34F3A4-6833-4D84-9CE6-40C9F374546E}"
EndProject
Project("{2150E333-8FDC-42A3-9474-1A3956D46DE8}") = "演習問題", "演習問題", "{BF438BDB-138F-4564-8FBB-C68988815B1E}"
EndProject
Project("{FAE04EC0-301F-11D3-BF4B-00C04F79EFBC}") = "Exercise01", "Chapter04\演習問題\Exercise01\Exercise01.csproj", "{F1542127-ACAD-49CA-8333-0748D83C1620}"
EndProject
Global
	GlobalSection(SolutionConfigurationPlatforms) = preSolution
		Debug|Any CPU = Debug|Any CPU
		Release|Any CPU = Release|Any CPU
	EndGlobalSection
	GlobalSection(ProjectConfigurationPlatforms) = postSolution
		{77DA18AF-2E40-403B-B184-56B3F1E83687}.Debug|Any CPU.ActiveCfg = Debug|Any CPU
		{77DA18AF-2E40-403B-B184-56B3F1E83687}.Debug|Any CPU.Build.0 = Debug|Any CPU
		{77DA18AF-2E40-403B-B184-56B3F1E83687}.Release|Any CPU.ActiveCfg = Release|Any CPU
		{77DA18AF-2E40-403B-B184-56B3F1E83687}.Release|Any CPU.Build.0 = Release|Any CPU
		{7E2EC7AC-CFA4-46AB-8DAB-33C245E0B5AD}.Debug|Any CPU.ActiveCfg = Debug|Any CPU
		{7E2EC7AC-CFA4-46AB-8DAB-33C245E0B5AD}.Debug|Any CPU.Build.0 = Debug|Any CPU
		{7E2EC7AC-CFA4-46AB-8DAB-33C245E0B5AD}.Release|Any CPU.ActiveCfg = Release|Any CPU
		{7E2EC7AC-CFA4-46AB-8DAB-33C245E0B5AD}.Release|Any CPU.Build.0 = Release|Any CPU
		{4DA8C25B-9799-4697-9FBD-DF9CB02108AD}.Debug|Any CPU.ActiveCfg = Debug|Any CPU
		{4DA8C25B-9799-4697-9FBD-DF9CB02108AD}.Debug|Any CPU.Build.0 = Debug|Any CPU
		{4DA8C25B-9799-4697-9FBD-DF9CB02108AD}.Release|Any CPU.ActiveCfg = Release|Any CPU
		{4DA8C25B-9799-4697-9FBD-DF9CB02108AD}.Release|Any CPU.Build.0 = Release|Any CPU
		{7A4CF8B6-3E12-4EC8-890A-7D54B43C38AD}.Debug|Any CPU.ActiveCfg = Debug|Any CPU
		{7A4CF8B6-3E12-4EC8-890A-7D54B43C38AD}.Debug|Any CPU.Build.0 = Debug|Any CPU
		{7A4CF8B6-3E12-4EC8-890A-7D54B43C38AD}.Release|Any CPU.ActiveCfg = Release|Any CPU
		{7A4CF8B6-3E12-4EC8-890A-7D54B43C38AD}.Release|Any CPU.Build.0 = Release|Any CPU
		{D66FFC71-8CFC-4A53-815A-FF3E7045C1C3}.Debug|Any CPU.ActiveCfg = Debug|Any CPU
		{D66FFC71-8CFC-4A53-815A-FF3E7045C1C3}.Debug|Any CPU.Build.0 = Debug|Any CPU
		{D66FFC71-8CFC-4A53-815A-FF3E7045C1C3}.Release|Any CPU.ActiveCfg = Release|Any CPU
		{D66FFC71-8CFC-4A53-815A-FF3E7045C1C3}.Release|Any CPU.Build.0 = Release|Any CPU
		{EF85C750-92E6-4A85-BA9A-2E28886406F3}.Debug|Any CPU.ActiveCfg = Debug|Any CPU
		{EF85C750-92E6-4A85-BA9A-2E28886406F3}.Debug|Any CPU.Build.0 = Debug|Any CPU
		{EF85C750-92E6-4A85-BA9A-2E28886406F3}.Release|Any CPU.ActiveCfg = Release|Any CPU
		{EF85C750-92E6-4A85-BA9A-2E28886406F3}.Release|Any CPU.Build.0 = Release|Any CPU
		{697FEC80-DE5F-F167-2E9C-702E7D330C53}.Debug|Any CPU.ActiveCfg = Debug|Any CPU
		{697FEC80-DE5F-F167-2E9C-702E7D330C53}.Debug|Any CPU.Build.0 = Debug|Any CPU
		{697FEC80-DE5F-F167-2E9C-702E7D330C53}.Release|Any CPU.ActiveCfg = Release|Any CPU
		{697FEC80-DE5F-F167-2E9C-702E7D330C53}.Release|Any CPU.Build.0 = Release|Any CPU
		{37868D6D-1513-46BA-AD92-762624338036}.Debug|Any CPU.ActiveCfg = Debug|Any CPU
		{37868D6D-1513-46BA-AD92-762624338036}.Debug|Any CPU.Build.0 = Debug|Any CPU
		{37868D6D-1513-46BA-AD92-762624338036}.Release|Any CPU.ActiveCfg = Release|Any CPU
		{37868D6D-1513-46BA-AD92-762624338036}.Release|Any CPU.Build.0 = Release|Any CPU
		{4607D413-0203-4267-894D-051BAE225568}.Debug|Any CPU.ActiveCfg = Debug|Any CPU
		{4607D413-0203-4267-894D-051BAE225568}.Debug|Any CPU.Build.0 = Debug|Any CPU
		{4607D413-0203-4267-894D-051BAE225568}.Release|Any CPU.ActiveCfg = Release|Any CPU
		{4607D413-0203-4267-894D-051BAE225568}.Release|Any CPU.Build.0 = Release|Any CPU
		{E0C01822-60C6-498C-97BE-CD17025510C9}.Debug|Any CPU.ActiveCfg = Debug|Any CPU
		{E0C01822-60C6-498C-97BE-CD17025510C9}.Debug|Any CPU.Build.0 = Debug|Any CPU
		{E0C01822-60C6-498C-97BE-CD17025510C9}.Release|Any CPU.ActiveCfg = Release|Any CPU
		{E0C01822-60C6-498C-97BE-CD17025510C9}.Release|Any CPU.Build.0 = Release|Any CPU
		{CDA1CD93-C13F-4779-A921-42A5940A8D05}.Debug|Any CPU.ActiveCfg = Debug|Any CPU
		{CDA1CD93-C13F-4779-A921-42A5940A8D05}.Debug|Any CPU.Build.0 = Debug|Any CPU
		{CDA1CD93-C13F-4779-A921-42A5940A8D05}.Release|Any CPU.ActiveCfg = Release|Any CPU
		{CDA1CD93-C13F-4779-A921-42A5940A8D05}.Release|Any CPU.Build.0 = Release|Any CPU
		{3A34F3A4-6833-4D84-9CE6-40C9F374546E}.Debug|Any CPU.ActiveCfg = Debug|Any CPU
		{3A34F3A4-6833-4D84-9CE6-40C9F374546E}.Debug|Any CPU.Build.0 = Debug|Any CPU
		{3A34F3A4-6833-4D84-9CE6-40C9F374546E}.Release|Any CPU.ActiveCfg = Release|Any CPU
		{3A34F3A4-6833-4D84-9CE6-40C9F374546E}.Release|Any CPU.Build.0 = Release|Any CPU
		{F1542127-ACAD-49CA-8333-0748D83C1620}.Debug|Any CPU.ActiveCfg = Debug|Any CPU
		{F1542127-ACAD-49CA-8333-0748D83C1620}.Debug|Any CPU.Build.0 = Debug|Any CPU
		{F1542127-ACAD-49CA-8333-0748D83C1620}.Release|Any CPU.ActiveCfg = Release|Any CPU
		{F1542127-ACAD-49CA-8333-0748D83C1620}.Release|Any CPU.Build.0 = Release|Any CPU
	EndGlobalSection
	GlobalSection(SolutionProperties) = preSolution
		HideSolutionNode = FALSE
	EndGlobalSection
	GlobalSection(NestedProjects) = preSolution
		{77DA18AF-2E40-403B-B184-56B3F1E83687} = {DDB4EF12-CC4E-5E88-E6FC-71A802F4DE97}
		{7E2EC7AC-CFA4-46AB-8DAB-33C245E0B5AD} = {1D0BB5F1-1052-48D4-BBC8-09D875F4497B}
		{2B39CC34-B382-4362-9DC2-767D4F8885CA} = {89A7C863-4899-41AE-89C2-C4BB356F9C0F}
		{4DA8C25B-9799-4697-9FBD-DF9CB02108AD} = {2B39CC34-B382-4362-9DC2-767D4F8885CA}
		{1D0BB5F1-1052-48D4-BBC8-09D875F4497B} = {89A7C863-4899-41AE-89C2-C4BB356F9C0F}
		{7A4CF8B6-3E12-4EC8-890A-7D54B43C38AD} = {53494A88-2096-424D-BE88-00A424296D96}
		{D66FFC71-8CFC-4A53-815A-FF3E7045C1C3} = {53494A88-2096-424D-BE88-00A424296D96}
		{05909EB8-AFD9-48B6-B576-49966C581ECD} = {89A7C863-4899-41AE-89C2-C4BB356F9C0F}
		{EF85C750-92E6-4A85-BA9A-2E28886406F3} = {05909EB8-AFD9-48B6-B576-49966C581ECD}
		{697FEC80-DE5F-F167-2E9C-702E7D330C53} = {2B39CC34-B382-4362-9DC2-767D4F8885CA}
		{37868D6D-1513-46BA-AD92-762624338036} = {83CF58D2-7B77-4B68-AB30-9AE80281BFDF}
		{A65CD962-041A-4A18-AB3A-09FC49FDB40A} = {83CF58D2-7B77-4B68-AB30-9AE80281BFDF}
		{4607D413-0203-4267-894D-051BAE225568} = {A65CD962-041A-4A18-AB3A-09FC49FDB40A}
		{E0C01822-60C6-498C-97BE-CD17025510C9} = {83CF58D2-7B77-4B68-AB30-9AE80281BFDF}
		{CDA1CD93-C13F-4779-A921-42A5940A8D05} = {A65CD962-041A-4A18-AB3A-09FC49FDB40A}
		{3A34F3A4-6833-4D84-9CE6-40C9F374546E} = {6F83180D-9156-4C21-86C7-8E85C75536B6}
		{BF438BDB-138F-4564-8FBB-C68988815B1E} = {6F83180D-9156-4C21-86C7-8E85C75536B6}
		{F1542127-ACAD-49CA-8333-0748D83C1620} = {BF438BDB-138F-4564-8FBB-C68988815B1E}
	EndGlobalSection
	GlobalSection(ExtensibilityGlobals) = postSolution
		SolutionGuid = {684284B0-DC77-4819-A13E-E9D63E2F651C}
	EndGlobalSection
EndGlobal
